
Microsoft Visual Studio Solution File, Format Version 12.00
# Visual Studio 2013
VisualStudioVersion = 12.0.31101.0
MinimumVisualStudioVersion = 10.0.40219.1
Project("{FAE04EC0-301F-11D3-BF4B-00C04F79EFBC}") = "EmployeeService", "EmployeeService\EmployeeService.csproj", "{37A1FEE2-16AD-4693-9D90-E06F8EDAC450}"
EndProject
Project("{FAE04EC0-301F-11D3-BF4B-00C04F79EFBC}") = "EmployeeDataAccess", "EmployeeDataAccess\EmployeeDataAccess.csproj", "{695BF84F-1833-4766-8902-CE7519FD038A}"
EndProject
Global
	GlobalSection(SolutionConfigurationPlatforms) = preSolution
		Debug|Any CPU = Debug|Any CPU
		Release|Any CPU = Release|Any CPU
	EndGlobalSection
	GlobalSection(ProjectConfigurationPlatforms) = postSolution
		{37A1FEE2-16AD-4693-9D90-E06F8EDAC450}.Debug|Any CPU.ActiveCfg = Debug|Any CPU
		{37A1FEE2-16AD-4693-9D90-E06F8EDAC450}.Debug|Any CPU.Build.0 = Debug|Any CPU
		{37A1FEE2-16AD-4693-9D90-E06F8EDAC450}.Release|Any CPU.ActiveCfg = Release|Any CPU
		{37A1FEE2-16AD-4693-9D90-E06F8EDAC450}.Release|Any CPU.Build.0 = Release|Any CPU
		{695BF84F-1833-4766-8902-CE7519FD038A}.Debug|Any CPU.ActiveCfg = Debug|Any CPU
		{695BF84F-1833-4766-8902-CE7519FD038A}.Debug|Any CPU.Build.0 = Debug|Any CPU
		{695BF84F-1833-4766-8902-CE7519FD038A}.Release|Any CPU.ActiveCfg = Release|Any CPU
		{695BF84F-1833-4766-8902-CE7519FD038A}.Release|Any CPU.Build.0 = Release|Any CPU
	EndGlobalSection
	GlobalSection(SolutionProperties) = preSolution
		HideSolutionNode = FALSE
	EndGlobalSection
EndGlobal
